
Microsoft Visual Studio Solution File, Format Version 12.00
# Visual Studio Version 17
VisualStudioVersion = 17.8.34322.80
MinimumVisualStudioVersion = 10.0.40219.1
Project("{2150E333-8FDC-42A3-9474-1A3956D46DE8}") = "src", "src", "{79D16FFA-2AD4-46F6-A583-1B5033D2A21A}"
EndProject
Project("{2150E333-8FDC-42A3-9474-1A3956D46DE8}") = "tests", "tests", "{D6E1B87E-0B63-4F27-91BF-EE0EFBE443A9}"
EndProject
Project("{2150E333-8FDC-42A3-9474-1A3956D46DE8}") = "Core", "Core", "{4291389F-ACCE-4555-9CCA-AC62E7043383}"
EndProject
Project("{2150E333-8FDC-42A3-9474-1A3956D46DE8}") = "Infrastructure", "Infrastructure", "{B0D28336-14BD-4A9B-9650-DE7A38AD6F5C}"
EndProject
Project("{2150E333-8FDC-42A3-9474-1A3956D46DE8}") = "Presentation", "Presentation", "{CE9515D1-A1EB-4402-AD58-0A67730E60A7}"
EndProject
Project("{FAE04EC0-301F-11D3-BF4B-00C04F79EFBC}") = "WebApi", "WebApi\WebApi.csproj", "{88C411E5-222A-4518-B0F9-A648BDFE3845}"
	ProjectSection(ProjectDependencies) = postProject
		{40A7923E-D64B-4BC0-A2E8-098D690ECE96} = {40A7923E-D64B-4BC0-A2E8-098D690ECE96}
		{623C78B7-A97D-437F-B9EC-2FE8BBEE3D03} = {623C78B7-A97D-437F-B9EC-2FE8BBEE3D03}
		{AAED88DB-63CA-4A36-962B-A7470525BFAD} = {AAED88DB-63CA-4A36-962B-A7470525BFAD}
		{C7118934-D437-4A83-BB6C-180BD8039B09} = {C7118934-D437-4A83-BB6C-180BD8039B09}
	EndProjectSection
EndProject
Project("{FAE04EC0-301F-11D3-BF4B-00C04F79EFBC}") = "Domain", "Domain\Domain.csproj", "{AD1D0866-7669-45A9-89A6-056A046F85B3}"
EndProject
Project("{FAE04EC0-301F-11D3-BF4B-00C04F79EFBC}") = "Application", "Application\Application.csproj", "{623C78B7-A97D-437F-B9EC-2FE8BBEE3D03}"
	ProjectSection(ProjectDependencies) = postProject
		{AD1D0866-7669-45A9-89A6-056A046F85B3} = {AD1D0866-7669-45A9-89A6-056A046F85B3}
	EndProjectSection
EndProject
Project("{FAE04EC0-301F-11D3-BF4B-00C04F79EFBC}") = "Identity", "Identity\Identity.csproj", "{40A7923E-D64B-4BC0-A2E8-098D690ECE96}"
	ProjectSection(ProjectDependencies) = postProject
		{623C78B7-A97D-437F-B9EC-2FE8BBEE3D03} = {623C78B7-A97D-437F-B9EC-2FE8BBEE3D03}
	EndProjectSection
EndProject
Project("{FAE04EC0-301F-11D3-BF4B-00C04F79EFBC}") = "Persistence", "Persistence\Persistence.csproj", "{AAED88DB-63CA-4A36-962B-A7470525BFAD}"
	ProjectSection(ProjectDependencies) = postProject
		{623C78B7-A97D-437F-B9EC-2FE8BBEE3D03} = {623C78B7-A97D-437F-B9EC-2FE8BBEE3D03}
		{AD1D0866-7669-45A9-89A6-056A046F85B3} = {AD1D0866-7669-45A9-89A6-056A046F85B3}
	EndProjectSection
EndProject
Project("{FAE04EC0-301F-11D3-BF4B-00C04F79EFBC}") = "Shared", "Shared\Shared.csproj", "{C7118934-D437-4A83-BB6C-180BD8039B09}"
	ProjectSection(ProjectDependencies) = postProject
		{623C78B7-A97D-437F-B9EC-2FE8BBEE3D03} = {623C78B7-A97D-437F-B9EC-2FE8BBEE3D03}
	EndProjectSection
EndProject
Global
	GlobalSection(SolutionConfigurationPlatforms) = preSolution
		Debug|Any CPU = Debug|Any CPU
		Release|Any CPU = Release|Any CPU
	EndGlobalSection
	GlobalSection(ProjectConfigurationPlatforms) = postSolution
		{88C411E5-222A-4518-B0F9-A648BDFE3845}.Debug|Any CPU.ActiveCfg = Debug|Any CPU
		{88C411E5-222A-4518-B0F9-A648BDFE3845}.Debug|Any CPU.Build.0 = Debug|Any CPU
		{88C411E5-222A-4518-B0F9-A648BDFE3845}.Release|Any CPU.ActiveCfg = Release|Any CPU
		{88C411E5-222A-4518-B0F9-A648BDFE3845}.Release|Any CPU.Build.0 = Release|Any CPU
		{AD1D0866-7669-45A9-89A6-056A046F85B3}.Debug|Any CPU.ActiveCfg = Debug|Any CPU
		{AD1D0866-7669-45A9-89A6-056A046F85B3}.Debug|Any CPU.Build.0 = Debug|Any CPU
		{AD1D0866-7669-45A9-89A6-056A046F85B3}.Release|Any CPU.ActiveCfg = Release|Any CPU
		{AD1D0866-7669-45A9-89A6-056A046F85B3}.Release|Any CPU.Build.0 = Release|Any CPU
		{623C78B7-A97D-437F-B9EC-2FE8BBEE3D03}.Debug|Any CPU.ActiveCfg = Debug|Any CPU
		{623C78B7-A97D-437F-B9EC-2FE8BBEE3D03}.Debug|Any CPU.Build.0 = Debug|Any CPU
		{623C78B7-A97D-437F-B9EC-2FE8BBEE3D03}.Release|Any CPU.ActiveCfg = Release|Any CPU
		{623C78B7-A97D-437F-B9EC-2FE8BBEE3D03}.Release|Any CPU.Build.0 = Release|Any CPU
		{40A7923E-D64B-4BC0-A2E8-098D690ECE96}.Debug|Any CPU.ActiveCfg = Debug|Any CPU
		{40A7923E-D64B-4BC0-A2E8-098D690ECE96}.Debug|Any CPU.Build.0 = Debug|Any CPU
		{40A7923E-D64B-4BC0-A2E8-098D690ECE96}.Release|Any CPU.ActiveCfg = Release|Any CPU
		{40A7923E-D64B-4BC0-A2E8-098D690ECE96}.Release|Any CPU.Build.0 = Release|Any CPU
		{AAED88DB-63CA-4A36-962B-A7470525BFAD}.Debug|Any CPU.ActiveCfg = Debug|Any CPU
		{AAED88DB-63CA-4A36-962B-A7470525BFAD}.Debug|Any CPU.Build.0 = Debug|Any CPU
		{AAED88DB-63CA-4A36-962B-A7470525BFAD}.Release|Any CPU.ActiveCfg = Release|Any CPU
		{AAED88DB-63CA-4A36-962B-A7470525BFAD}.Release|Any CPU.Build.0 = Release|Any CPU
		{C7118934-D437-4A83-BB6C-180BD8039B09}.Debug|Any CPU.ActiveCfg = Debug|Any CPU
		{C7118934-D437-4A83-BB6C-180BD8039B09}.Debug|Any CPU.Build.0 = Debug|Any CPU
		{C7118934-D437-4A83-BB6C-180BD8039B09}.Release|Any CPU.ActiveCfg = Release|Any CPU
		{C7118934-D437-4A83-BB6C-180BD8039B09}.Release|Any CPU.Build.0 = Release|Any CPU
	EndGlobalSection
	GlobalSection(SolutionProperties) = preSolution
		HideSolutionNode = FALSE
	EndGlobalSection
	GlobalSection(NestedProjects) = preSolution
		{4291389F-ACCE-4555-9CCA-AC62E7043383} = {79D16FFA-2AD4-46F6-A583-1B5033D2A21A}
		{B0D28336-14BD-4A9B-9650-DE7A38AD6F5C} = {79D16FFA-2AD4-46F6-A583-1B5033D2A21A}
		{CE9515D1-A1EB-4402-AD58-0A67730E60A7} = {79D16FFA-2AD4-46F6-A583-1B5033D2A21A}
		{88C411E5-222A-4518-B0F9-A648BDFE3845} = {CE9515D1-A1EB-4402-AD58-0A67730E60A7}
		{AD1D0866-7669-45A9-89A6-056A046F85B3} = {4291389F-ACCE-4555-9CCA-AC62E7043383}
		{623C78B7-A97D-437F-B9EC-2FE8BBEE3D03} = {4291389F-ACCE-4555-9CCA-AC62E7043383}
		{40A7923E-D64B-4BC0-A2E8-098D690ECE96} = {B0D28336-14BD-4A9B-9650-DE7A38AD6F5C}
		{AAED88DB-63CA-4A36-962B-A7470525BFAD} = {B0D28336-14BD-4A9B-9650-DE7A38AD6F5C}
		{C7118934-D437-4A83-BB6C-180BD8039B09} = {B0D28336-14BD-4A9B-9650-DE7A38AD6F5C}
	EndGlobalSection
	GlobalSection(ExtensibilityGlobals) = postSolution
		SolutionGuid = {6C6E35EE-13B8-4F2B-AA95-716F0057D41D}
	EndGlobalSection
EndGlobal
